
Microsoft Visual Studio Solution File, Format Version 12.00
# Visual Studio Version 17
VisualStudioVersion = 17.8.34322.80
MinimumVisualStudioVersion = 10.0.40219.1
Project("{9A19103F-16F7-4668-BE54-9A1E7A4F7556}") = "LogicAppTemplateExtractor", "LogicAppTemplateExtractor.csproj", "{FB7989D2-B386-4CD3-8DEB-EFB6D622271C}"
EndProject
Global
	GlobalSection(SolutionConfigurationPlatforms) = preSolution
		Debug|Any CPU = Debug|Any CPU
		Release|Any CPU = Release|Any CPU
	EndGlobalSection
	GlobalSection(ProjectConfigurationPlatforms) = postSolution
		{FB7989D2-B386-4CD3-8DEB-EFB6D622271C}.Debug|Any CPU.ActiveCfg = Debug|Any CPU
		{FB7989D2-B386-4CD3-8DEB-EFB6D622271C}.Debug|Any CPU.Build.0 = Debug|Any CPU
		{FB7989D2-B386-4CD3-8DEB-EFB6D622271C}.Release|Any CPU.ActiveCfg = Release|Any CPU
		{FB7989D2-B386-4CD3-8DEB-EFB6D622271C}.Release|Any CPU.Build.0 = Release|Any CPU
	EndGlobalSection
	GlobalSection(SolutionProperties) = preSolution
		HideSolutionNode = FALSE
	EndGlobalSection
	GlobalSection(ExtensibilityGlobals) = postSolution
		SolutionGuid = {09260229-C7F0-4E44-9415-E1AC1BABC3AF}
	EndGlobalSection
EndGlobal
